
Microsoft Visual Studio Solution File, Format Version 12.00
# Visual Studio 15
VisualStudioVersion = 15.0.28010.2041
MinimumVisualStudioVersion = 10.0.40219.1
Project("{FAE04EC0-301F-11D3-BF4B-00C04F79EFBC}") = "BrickGridBuilder", "WindowsFormsApp1\BrickGridBuilder.csproj", "{61FBB715-7925-474F-B7EA-FA37D3099378}"
EndProject
Global
	GlobalSection(SolutionConfigurationPlatforms) = preSolution
		Debug|Any CPU = Debug|Any CPU
		Release|Any CPU = Release|Any CPU
	EndGlobalSection
	GlobalSection(ProjectConfigurationPlatforms) = postSolution
		{61FBB715-7925-474F-B7EA-FA37D3099378}.Debug|Any CPU.ActiveCfg = Debug|Any CPU
		{61FBB715-7925-474F-B7EA-FA37D3099378}.Debug|Any CPU.Build.0 = Debug|Any CPU
		{61FBB715-7925-474F-B7EA-FA37D3099378}.Release|Any CPU.ActiveCfg = Release|Any CPU
		{61FBB715-7925-474F-B7EA-FA37D3099378}.Release|Any CPU.Build.0 = Release|Any CPU
	EndGlobalSection
	GlobalSection(SolutionProperties) = preSolution
		HideSolutionNode = FALSE
	EndGlobalSection
	GlobalSection(ExtensibilityGlobals) = postSolution
		SolutionGuid = {2F80FEB1-6711-4B3D-BB94-FCACA50D870A}
	EndGlobalSection
EndGlobal
